// !$*UTF8*$!
{
	archiveVersion = 1;
	classes = {
	};
	objectVersion = 50;
	objects = {

/* Begin PBXBuildFile section */
		1702F911256EE5760046FB5A /* IntExtension.swift in Sources */ = {isa = PBXBuildFile; fileRef = 1702F910256EE5760046FB5A /* IntExtension.swift */; };
		1755A51F256EC03C00BE6A12 /* AppDelegate.swift in Sources */ = {isa = PBXBuildFile; fileRef = 1755A51E256EC03C00BE6A12 /* AppDelegate.swift */; };
		1755A521256EC03C00BE6A12 /* SceneDelegate.swift in Sources */ = {isa = PBXBuildFile; fileRef = 1755A520256EC03C00BE6A12 /* SceneDelegate.swift */; };
		1755A523256EC03C00BE6A12 /* HomeTableViewController.swift in Sources */ = {isa = PBXBuildFile; fileRef = 1755A522256EC03C00BE6A12 /* HomeTableViewController.swift */; };
		1755A526256EC03C00BE6A12 /* Home.storyboard in Resources */ = {isa = PBXBuildFile; fileRef = 1755A524256EC03C00BE6A12 /* Home.storyboard */; };
		1755A528256EC03E00BE6A12 /* Assets.xcassets in Resources */ = {isa = PBXBuildFile; fileRef = 1755A527256EC03E00BE6A12 /* Assets.xcassets */; };
		1755A52B256EC03E00BE6A12 /* LaunchScreen.storyboard in Resources */ = {isa = PBXBuildFile; fileRef = 1755A529256EC03E00BE6A12 /* LaunchScreen.storyboard */; };
		1755A542256EC55A00BE6A12 /* Friend.swift in Sources */ = {isa = PBXBuildFile; fileRef = 1755A541256EC55A00BE6A12 /* Friend.swift */; };
		178B539D256ED0E5005686DC /* FriendTableViewController.swift in Sources */ = {isa = PBXBuildFile; fileRef = 178B539C256ED0E5005686DC /* FriendTableViewController.swift */; };
		178B53A2256ED148005686DC /* Friend.storyboard in Resources */ = {isa = PBXBuildFile; fileRef = 178B53A1256ED148005686DC /* Friend.storyboard */; };
		178B53A5256ED37D005686DC /* TextTableViewCell.swift in Sources */ = {isa = PBXBuildFile; fileRef = 178B53A4256ED37D005686DC /* TextTableViewCell.swift */; };
/* End PBXBuildFile section */

/* Begin PBXFileReference section */
		1702F910256EE5760046FB5A /* IntExtension.swift */ = {isa = PBXFileReference; lastKnownFileType = sourcecode.swift; path = IntExtension.swift; sourceTree = "<group>"; };
		1755A51B256EC03C00BE6A12 /* iOSAppWithCoordinators.app */ = {isa = PBXFileReference; explicitFileType = wrapper.application; includeInIndex = 0; path = iOSAppWithCoordinators.app; sourceTree = BUILT_PRODUCTS_DIR; };
		1755A51E256EC03C00BE6A12 /* AppDelegate.swift */ = {isa = PBXFileReference; lastKnownFileType = sourcecode.swift; path = AppDelegate.swift; sourceTree = "<group>"; };
		1755A520256EC03C00BE6A12 /* SceneDelegate.swift */ = {isa = PBXFileReference; lastKnownFileType = sourcecode.swift; path = SceneDelegate.swift; sourceTree = "<group>"; };
		1755A522256EC03C00BE6A12 /* HomeTableViewController.swift */ = {isa = PBXFileReference; lastKnownFileType = sourcecode.swift; path = HomeTableViewController.swift; sourceTree = "<group>"; };
		1755A525256EC03C00BE6A12 /* Base */ = {isa = PBXFileReference; lastKnownFileType = file.storyboard; name = Base; path = Base.lproj/Home.storyboard; sourceTree = "<group>"; };
		1755A527256EC03E00BE6A12 /* Assets.xcassets */ = {isa = PBXFileReference; lastKnownFileType = folder.assetcatalog; path = Assets.xcassets; sourceTree = "<group>"; };
		1755A52A256EC03E00BE6A12 /* Base */ = {isa = PBXFileReference; lastKnownFileType = file.storyboard; name = Base; path = Base.lproj/LaunchScreen.storyboard; sourceTree = "<group>"; };
		1755A52C256EC03E00BE6A12 /* Info.plist */ = {isa = PBXFileReference; lastKnownFileType = text.plist.xml; path = Info.plist; sourceTree = "<group>"; };
		1755A541256EC55A00BE6A12 /* Friend.swift */ = {isa = PBXFileReference; lastKnownFileType = sourcecode.swift; path = Friend.swift; sourceTree = "<group>"; };
		178B539C256ED0E5005686DC /* FriendTableViewController.swift */ = {isa = PBXFileReference; lastKnownFileType = sourcecode.swift; path = FriendTableViewController.swift; sourceTree = "<group>"; };
		178B53A1256ED148005686DC /* Friend.storyboard */ = {isa = PBXFileReference; lastKnownFileType = file.storyboard; path = Friend.storyboard; sourceTree = "<group>"; };
		178B53A4256ED37D005686DC /* TextTableViewCell.swift */ = {isa = PBXFileReference; lastKnownFileType = sourcecode.swift; path = TextTableViewCell.swift; sourceTree = "<group>"; };
/* End PBXFileReference section */

/* Begin PBXFrameworksBuildPhase section */
		1755A518256EC03C00BE6A12 /* Frameworks */ = {
			isa = PBXFrameworksBuildPhase;
			buildActionMask = 2147483647;
			files = (
			);
			runOnlyForDeploymentPostprocessing = 0;
		};
/* End PBXFrameworksBuildPhase section */

/* Begin PBXGroup section */
		1755A512256EC03C00BE6A12 = {
			isa = PBXGroup;
			children = (
				1755A51D256EC03C00BE6A12 /* iOSAppWithCoordinators */,
				1755A51C256EC03C00BE6A12 /* Products */,
			);
			sourceTree = "<group>";
		};
		1755A51C256EC03C00BE6A12 /* Products */ = {
			isa = PBXGroup;
			children = (
				1755A51B256EC03C00BE6A12 /* iOSAppWithCoordinators.app */,
			);
			name = Products;
			sourceTree = "<group>";
		};
		1755A51D256EC03C00BE6A12 /* iOSAppWithCoordinators */ = {
			isa = PBXGroup;
			children = (
				178B5397256ED0A5005686DC /* Friend */,
				1755A538256EC1B400BE6A12 /* Home */,
				1755A533256EC17F00BE6A12 /* Global */,
			);
			path = iOSAppWithCoordinators;
			sourceTree = "<group>";
		};
		1755A533256EC17F00BE6A12 /* Global */ = {
			isa = PBXGroup;
			children = (
				1755A537256EC19B00BE6A12 /* Model */,
				1755A536256EC19600BE6A12 /* View */,
				1755A535256EC18E00BE6A12 /* Controller */,
				1755A534256EC18600BE6A12 /* Service */,
			);
			path = Global;
			sourceTree = "<group>";
		};
		1755A534256EC18600BE6A12 /* Service */ = {
			isa = PBXGroup;
			children = (
				1755A52C256EC03E00BE6A12 /* Info.plist */,
				1702F910256EE5760046FB5A /* IntExtension.swift */,
			);
			path = Service;
			sourceTree = "<group>";
		};
		1755A535256EC18E00BE6A12 /* Controller */ = {
			isa = PBXGroup;
			children = (
				1755A51E256EC03C00BE6A12 /* AppDelegate.swift */,
				1755A520256EC03C00BE6A12 /* SceneDelegate.swift */,
			);
			path = Controller;
			sourceTree = "<group>";
		};
		1755A536256EC19600BE6A12 /* View */ = {
			isa = PBXGroup;
			children = (
				1755A527256EC03E00BE6A12 /* Assets.xcassets */,
				1755A529256EC03E00BE6A12 /* LaunchScreen.storyboard */,
			);
			path = View;
			sourceTree = "<group>";
		};
		1755A537256EC19B00BE6A12 /* Model */ = {
			isa = PBXGroup;
			children = (
			);
			path = Model;
			sourceTree = "<group>";
		};
		1755A538256EC1B400BE6A12 /* Home */ = {
			isa = PBXGroup;
			children = (
				1755A53C256EC1CB00BE6A12 /* Model */,
				1755A53B256EC1C500BE6A12 /* View */,
				1755A53A256EC1BF00BE6A12 /* Controller */,
				1755A539256EC1BA00BE6A12 /* Service */,
			);
			path = Home;
			sourceTree = "<group>";
		};
		1755A539256EC1BA00BE6A12 /* Service */ = {
			isa = PBXGroup;
			children = (
			);
			path = Service;
			sourceTree = "<group>";
		};
		1755A53A256EC1BF00BE6A12 /* Controller */ = {
			isa = PBXGroup;
			children = (
				1755A522256EC03C00BE6A12 /* HomeTableViewController.swift */,
			);
			path = Controller;
			sourceTree = "<group>";
		};
		1755A53B256EC1C500BE6A12 /* View */ = {
			isa = PBXGroup;
			children = (
				1755A524256EC03C00BE6A12 /* Home.storyboard */,
			);
			path = View;
			sourceTree = "<group>";
		};
		1755A53C256EC1CB00BE6A12 /* Model */ = {
			isa = PBXGroup;
			children = (
				1755A541256EC55A00BE6A12 /* Friend.swift */,
			);
			path = Model;
			sourceTree = "<group>";
		};
		178B5397256ED0A5005686DC /* Friend */ = {
			isa = PBXGroup;
			children = (
				178B539B256ED0BC005686DC /* Model */,
				178B539A256ED0B7005686DC /* View */,
				178B5399256ED0AF005686DC /* Controller */,
				178B5398256ED0AA005686DC /* Service */,
			);
			path = Friend;
			sourceTree = "<group>";
		};
		178B5398256ED0AA005686DC /* Service */ = {
			isa = PBXGroup;
			children = (
			);
			path = Service;
			sourceTree = "<group>";
		};
		178B5399256ED0AF005686DC /* Controller */ = {
			isa = PBXGroup;
			children = (
				178B539C256ED0E5005686DC /* FriendTableViewController.swift */,
			);
			path = Controller;
			sourceTree = "<group>";
		};
		178B539A256ED0B7005686DC /* View */ = {
			isa = PBXGroup;
			children = (
				178B53A1256ED148005686DC /* Friend.storyboard */,
				178B53A4256ED37D005686DC /* TextTableViewCell.swift */,
			);
			path = View;
			sourceTree = "<group>";
		};
		178B539B256ED0BC005686DC /* Model */ = {
			isa = PBXGroup;
			children = (
			);
			path = Model;
			sourceTree = "<group>";
		};
/* End PBXGroup section */

/* Begin PBXNativeTarget section */
		1755A51A256EC03C00BE6A12 /* iOSAppWithCoordinators */ = {
			isa = PBXNativeTarget;
			buildConfigurationList = 1755A52F256EC03E00BE6A12 /* Build configuration list for PBXNativeTarget "iOSAppWithCoordinators" */;
			buildPhases = (
				1755A517256EC03C00BE6A12 /* Sources */,
				1755A518256EC03C00BE6A12 /* Frameworks */,
				1755A519256EC03C00BE6A12 /* Resources */,
			);
			buildRules = (
			);
			dependencies = (
			);
			name = iOSAppWithCoordinators;
			productName = iOSAppWithCoordinators;
			productReference = 1755A51B256EC03C00BE6A12 /* iOSAppWithCoordinators.app */;
			productType = "com.apple.product-type.application";
		};
/* End PBXNativeTarget section */

/* Begin PBXProject section */
		1755A513256EC03C00BE6A12 /* Project object */ = {
			isa = PBXProject;
			attributes = {
				LastSwiftUpdateCheck = 1220;
				LastUpgradeCheck = 1220;
				ORGANIZATIONNAME = NAPPS;
				TargetAttributes = {
					1755A51A256EC03C00BE6A12 = {
						CreatedOnToolsVersion = 12.2;
					};
				};
			};
			buildConfigurationList = 1755A516256EC03C00BE6A12 /* Build configuration list for PBXProject "iOSAppWithCoordinators" */;
			compatibilityVersion = "Xcode 9.3";
			developmentRegion = en;
			hasScannedForEncodings = 0;
			knownRegions = (
				en,
				Base,
			);
			mainGroup = 1755A512256EC03C00BE6A12;
			productRefGroup = 1755A51C256EC03C00BE6A12 /* Products */;
			projectDirPath = "";
			projectRoot = "";
			targets = (
				1755A51A256EC03C00BE6A12 /* iOSAppWithCoordinators */,
			);
		};
/* End PBXProject section */

/* Begin PBXResourcesBuildPhase section */
		1755A519256EC03C00BE6A12 /* Resources */ = {
			isa = PBXResourcesBuildPhase;
			buildActionMask = 2147483647;
			files = (
				178B53A2256ED148005686DC /* Friend.storyboard in Resources */,
				1755A52B256EC03E00BE6A12 /* LaunchScreen.storyboard in Resources */,
				1755A528256EC03E00BE6A12 /* Assets.xcassets in Resources */,
				1755A526256EC03C00BE6A12 /* Home.storyboard in Resources */,
			);
			runOnlyForDeploymentPostprocessing = 0;
		};
/* End PBXResourcesBuildPhase section */

/* Begin PBXSourcesBuildPhase section */
		1755A517256EC03C00BE6A12 /* Sources */ = {
			isa = PBXSourcesBuildPhase;
			buildActionMask = 2147483647;
			files = (
				178B53A5256ED37D005686DC /* TextTableViewCell.swift in Sources */,
				1755A523256EC03C00BE6A12 /* HomeTableViewController.swift in Sources */,
				1702F911256EE5760046FB5A /* IntExtension.swift in Sources */,
				178B539D256ED0E5005686DC /* FriendTableViewController.swift in Sources */,
				1755A51F256EC03C00BE6A12 /* AppDelegate.swift in Sources */,
				1755A521256EC03C00BE6A12 /* SceneDelegate.swift in Sources */,
				1755A542256EC55A00BE6A12 /* Friend.swift in Sources */,
			);
			runOnlyForDeploymentPostprocessing = 0;
		};
/* End PBXSourcesBuildPhase section */

/* Begin PBXVariantGroup section */
		1755A524256EC03C00BE6A12 /* Home.storyboard */ = {
			isa = PBXVariantGroup;
			children = (
				1755A525256EC03C00BE6A12 /* Base */,
			);
			name = Home.storyboard;
			sourceTree = "<group>";
		};
		1755A529256EC03E00BE6A12 /* LaunchScreen.storyboard */ = {
			isa = PBXVariantGroup;
			children = (
				1755A52A256EC03E00BE6A12 /* Base */,
			);
			name = LaunchScreen.storyboard;
			sourceTree = "<group>";
		};
/* End PBXVariantGroup section */

/* Begin XCBuildConfiguration section */
		1755A52D256EC03E00BE6A12 /* Debug */ = {
			isa = XCBuildConfiguration;
			buildSettings = {
				ALWAYS_SEARCH_USER_PATHS = NO;
				CLANG_ANALYZER_NONNULL = YES;
				CLANG_ANALYZER_NUMBER_OBJECT_CONVERSION = YES_AGGRESSIVE;
				CLANG_CXX_LANGUAGE_STANDARD = "gnu++14";
				CLANG_CXX_LIBRARY = "libc++";
				CLANG_ENABLE_MODULES = YES;
				CLANG_ENABLE_OBJC_ARC = YES;
				CLANG_ENABLE_OBJC_WEAK = YES;
				CLANG_WARN_BLOCK_CAPTURE_AUTORELEASING = YES;
				CLANG_WARN_BOOL_CONVERSION = YES;
				CLANG_WARN_COMMA = YES;
				CLANG_WARN_CONSTANT_CONVERSION = YES;
				CLANG_WARN_DEPRECATED_OBJC_IMPLEMENTATIONS = YES;
				CLANG_WARN_DIRECT_OBJC_ISA_USAGE = YES_ERROR;
				CLANG_WARN_DOCUMENTATION_COMMENTS = YES;
				CLANG_WARN_EMPTY_BODY = YES;
				CLANG_WARN_ENUM_CONVERSION = YES;
				CLANG_WARN_INFINITE_RECURSION = YES;
				CLANG_WARN_INT_CONVERSION = YES;
				CLANG_WARN_NON_LITERAL_NULL_CONVERSION = YES;
				CLANG_WARN_OBJC_IMPLICIT_RETAIN_SELF = YES;
				CLANG_WARN_OBJC_LITERAL_CONVERSION = YES;
				CLANG_WARN_OBJC_ROOT_CLASS = YES_ERROR;
				CLANG_WARN_QUOTED_INCLUDE_IN_FRAMEWORK_HEADER = YES;
				CLANG_WARN_RANGE_LOOP_ANALYSIS = YES;
				CLANG_WARN_STRICT_PROTOTYPES = YES;
				CLANG_WARN_SUSPICIOUS_MOVE = YES;
				CLANG_WARN_UNGUARDED_AVAILABILITY = YES_AGGRESSIVE;
				CLANG_WARN_UNREACHABLE_CODE = YES;
				CLANG_WARN__DUPLICATE_METHOD_MATCH = YES;
				COPY_PHASE_STRIP = NO;
				DEBUG_INFORMATION_FORMAT = dwarf;
				ENABLE_STRICT_OBJC_MSGSEND = YES;
				ENABLE_TESTABILITY = YES;
				GCC_C_LANGUAGE_STANDARD = gnu11;
				GCC_DYNAMIC_NO_PIC = NO;
				GCC_NO_COMMON_BLOCKS = YES;
				GCC_OPTIMIZATION_LEVEL = 0;
				GCC_PREPROCESSOR_DEFINITIONS = (
					"DEBUG=1",
					"$(inherited)",
				);
				GCC_WARN_64_TO_32_BIT_CONVERSION = YES;
				GCC_WARN_ABOUT_RETURN_TYPE = YES_ERROR;
				GCC_WARN_UNDECLARED_SELECTOR = YES;
				GCC_WARN_UNINITIALIZED_AUTOS = YES_AGGRESSIVE;
				GCC_WARN_UNUSED_FUNCTION = YES;
				GCC_WARN_UNUSED_VARIABLE = YES;
				IPHONEOS_DEPLOYMENT_TARGET = 14.2;
				MTL_ENABLE_DEBUG_INFO = INCLUDE_SOURCE;
				MTL_FAST_MATH = YES;
				ONLY_ACTIVE_ARCH = YES;
				SDKROOT = iphoneos;
				SWIFT_ACTIVE_COMPILATION_CONDITIONS = DEBUG;
				SWIFT_OPTIMIZATION_LEVEL = "-Onone";
			};
			name = Debug;
		};
		1755A52E256EC03E00BE6A12 /* Release */ = {
			isa = XCBuildConfiguration;
			buildSettings = {
				ALWAYS_SEARCH_USER_PATHS = NO;
				CLANG_ANALYZER_NONNULL = YES;
				CLANG_ANALYZER_NUMBER_OBJECT_CONVERSION = YES_AGGRESSIVE;
				CLANG_CXX_LANGUAGE_STANDARD = "gnu++14";
				CLANG_CXX_LIBRARY = "libc++";
				CLANG_ENABLE_MODULES = YES;
				CLANG_ENABLE_OBJC_ARC = YES;
				CLANG_ENABLE_OBJC_WEAK = YES;
				CLANG_WARN_BLOCK_CAPTURE_AUTORELEASING = YES;
				CLANG_WARN_BOOL_CONVERSION = YES;
				CLANG_WARN_COMMA = YES;
				CLANG_WARN_CONSTANT_CONVERSION = YES;
				CLANG_WARN_DEPRECATED_OBJC_IMPLEMENTATIONS = YES;
				CLANG_WARN_DIRECT_OBJC_ISA_USAGE = YES_ERROR;
				CLANG_WARN_DOCUMENTATION_COMMENTS = YES;
				CLANG_WARN_EMPTY_BODY = YES;
				CLANG_WARN_ENUM_CONVERSION = YES;
				CLANG_WARN_INFINITE_RECURSION = YES;
				CLANG_WARN_INT_CONVERSION = YES;
				CLANG_WARN_NON_LITERAL_NULL_CONVERSION = YES;
				CLANG_WARN_OBJC_IMPLICIT_RETAIN_SELF = YES;
				CLANG_WARN_OBJC_LITERAL_CONVERSION = YES;
				CLANG_WARN_OBJC_ROOT_CLASS = YES_ERROR;
				CLANG_WARN_QUOTED_INCLUDE_IN_FRAMEWORK_HEADER = YES;
				CLANG_WARN_RANGE_LOOP_ANALYSIS = YES;
				CLANG_WARN_STRICT_PROTOTYPES = YES;
				CLANG_WARN_SUSPICIOUS_MOVE = YES;
				CLANG_WARN_UNGUARDED_AVAILABILITY = YES_AGGRESSIVE;
				CLANG_WARN_UNREACHABLE_CODE = YES;
				CLANG_WARN__DUPLICATE_METHOD_MATCH = YES;
				COPY_PHASE_STRIP = NO;
				DEBUG_INFORMATION_FORMAT = "dwarf-with-dsym";
				ENABLE_NS_ASSERTIONS = NO;
				ENABLE_STRICT_OBJC_MSGSEND = YES;
				GCC_C_LANGUAGE_STANDARD = gnu11;
				GCC_NO_COMMON_BLOCKS = YES;
				GCC_WARN_64_TO_32_BIT_CONVERSION = YES;
				GCC_WARN_ABOUT_RETURN_TYPE = YES_ERROR;
				GCC_WARN_UNDECLARED_SELECTOR = YES;
				GCC_WARN_UNINITIALIZED_AUTOS = YES_AGGRESSIVE;
				GCC_WARN_UNUSED_FUNCTION = YES;
				GCC_WARN_UNUSED_VARIABLE = YES;
				IPHONEOS_DEPLOYMENT_TARGET = 14.2;
				MTL_ENABLE_DEBUG_INFO = NO;
				MTL_FAST_MATH = YES;
				SDKROOT = iphoneos;
				SWIFT_COMPILATION_MODE = wholemodule;
				SWIFT_OPTIMIZATION_LEVEL = "-O";
				VALIDATE_PRODUCT = YES;
			};
			name = Release;
		};
		1755A530256EC03E00BE6A12 /* Debug */ = {
			isa = XCBuildConfiguration;
			buildSettings = {
				ASSETCATALOG_COMPILER_APPICON_NAME = AppIcon;
				ASSETCATALOG_COMPILER_GLOBAL_ACCENT_COLOR_NAME = AccentColor;
				CODE_SIGN_STYLE = Automatic;
				DEVELOPMENT_TEAM = 7X48R5E6LJ;
				INFOPLIST_FILE = "$(SRCROOT)/iOSAppWithCoordinators/Global/Service/Info.plist";
				LD_RUNPATH_SEARCH_PATHS = (
					"$(inherited)",
					"@executable_path/Frameworks",
				);
				PRODUCT_BUNDLE_IDENTIFIER = NAPPS.iOSAppWithCoordinators;
				PRODUCT_NAME = "$(TARGET_NAME)";
				SWIFT_VERSION = 5.0;
				TARGETED_DEVICE_FAMILY = "1,2";
			};
			name = Debug;
		};
		1755A531256EC03E00BE6A12 /* Release */ = {
			isa = XCBuildConfiguration;
			buildSettings = {
				ASSETCATALOG_COMPILER_APPICON_NAME = AppIcon;
				ASSETCATALOG_COMPILER_GLOBAL_ACCENT_COLOR_NAME = AccentColor;
				CODE_SIGN_STYLE = Automatic;
				DEVELOPMENT_TEAM = 7X48R5E6LJ;
				INFOPLIST_FILE = "$(SRCROOT)/iOSAppWithCoordinators/Global/Service/Info.plist";
				LD_RUNPATH_SEARCH_PATHS = (
					"$(inherited)",
					"@executable_path/Frameworks",
				);
				PRODUCT_BUNDLE_IDENTIFIER = NAPPS.iOSAppWithCoordinators;
				PRODUCT_NAME = "$(TARGET_NAME)";
				SWIFT_VERSION = 5.0;
				TARGETED_DEVICE_FAMILY = "1,2";
			};
			name = Release;
		};
/* End XCBuildConfiguration section */

/* Begin XCConfigurationList section */
		1755A516256EC03C00BE6A12 /* Build configuration list for PBXProject "iOSAppWithCoordinators" */ = {
			isa = XCConfigurationList;
			buildConfigurations = (
				1755A52D256EC03E00BE6A12 /* Debug */,
				1755A52E256EC03E00BE6A12 /* Release */,
			);
			defaultConfigurationIsVisible = 0;
			defaultConfigurationName = Release;
		};
		1755A52F256EC03E00BE6A12 /* Build configuration list for PBXNativeTarget "iOSAppWithCoordinators" */ = {
			isa = XCConfigurationList;
			buildConfigurations = (
				1755A530256EC03E00BE6A12 /* Debug */,
				1755A531256EC03E00BE6A12 /* Release */,
			);
			defaultConfigurationIsVisible = 0;
			defaultConfigurationName = Release;
		};
/* End XCConfigurationList section */
	};
	rootObject = 1755A513256EC03C00BE6A12 /* Project object */;
}
